// !$*UTF8*$!
{
	archiveVersion = 1;
	classes = {
	};
	objectVersion = 46;
	objects = {

/* Begin PBXBuildFile section */
		1D60589F0D05DD5A006BFB54 /* Foundation.framework in Frameworks */ = {isa = PBXBuildFile; fileRef = 1D30AB110D05D00D00671497 /* Foundation.framework */; };
		2606BC3718C7136000142F1C /* car00.png in Resources */ = {isa = PBXBuildFile; fileRef = 2606BC2318C7136000142F1C /* car00.png */; };
		2606BC3818C7136000142F1C /* car00.png in Resources */ = {isa = PBXBuildFile; fileRef = 2606BC2318C7136000142F1C /* car00.png */; };
		2606BC3918C7136000142F1C /* CloseNormal.png in Resources */ = {isa = PBXBuildFile; fileRef = 2606BC2418C7136000142F1C /* CloseNormal.png */; };
		2606BC3A18C7136000142F1C /* CloseNormal.png in Resources */ = {isa = PBXBuildFile; fileRef = 2606BC2418C7136000142F1C /* CloseNormal.png */; };
		2606BC3B18C7136000142F1C /* CloseSelected.png in Resources */ = {isa = PBXBuildFile; fileRef = 2606BC2518C7136000142F1C /* CloseSelected.png */; };
		2606BC3C18C7136000142F1C /* CloseSelected.png in Resources */ = {isa = PBXBuildFile; fileRef = 2606BC2518C7136000142F1C /* CloseSelected.png */; };
		2606BC3D18C7136000142F1C /* daodan_512.png in Resources */ = {isa = PBXBuildFile; fileRef = 2606BC2618C7136000142F1C /* daodan_512.png */; };
		2606BC3E18C7136000142F1C /* daodan_512.png in Resources */ = {isa = PBXBuildFile; fileRef = 2606BC2618C7136000142F1C /* daodan_512.png */; };
		2606BC3F18C7136000142F1C /* daodanv001.obj in Resources */ = {isa = PBXBuildFile; fileRef = 2606BC2718C7136000142F1C /* daodanv001.obj */; };
		2606BC4018C7136000142F1C /* daodanv001.obj in Resources */ = {isa = PBXBuildFile; fileRef = 2606BC2718C7136000142F1C /* daodanv001.obj */; };
		2606BC4118C7136000142F1C /* diji1_v001.obj in Resources */ = {isa = PBXBuildFile; fileRef = 2606BC2818C7136000142F1C /* diji1_v001.obj */; };
		2606BC4218C7136000142F1C /* diji1_v001.obj in Resources */ = {isa = PBXBuildFile; fileRef = 2606BC2818C7136000142F1C /* diji1_v001.obj */; };
		2606BC4318C7136000142F1C /* diji02_v002_1024.png in Resources */ = {isa = PBXBuildFile; fileRef = 2606BC2918C7136000142F1C /* diji02_v002_1024.png */; };
		2606BC4418C7136000142F1C /* diji02_v002_1024.png in Resources */ = {isa = PBXBuildFile; fileRef = 2606BC2918C7136000142F1C /* diji02_v002_1024.png */; };
		2606BC4518C7136000142F1C /* Done1.png in Resources */ = {isa = PBXBuildFile; fileRef = 2606BC2A18C7136000142F1C /* Done1.png */; };
		2606BC4618C7136000142F1C /* Done1.png in Resources */ = {isa = PBXBuildFile; fileRef = 2606BC2A18C7136000142F1C /* Done1.png */; };
		2606BC4718C7136000142F1C /* DownNecker.obj in Resources */ = {isa = PBXBuildFile; fileRef = 2606BC2B18C7136000142F1C /* DownNecker.obj */; };
		2606BC4818C7136000142F1C /* DownNecker.obj in Resources */ = {isa = PBXBuildFile; fileRef = 2606BC2B18C7136000142F1C /* DownNecker.obj */; };
		2606BC4918C7136000142F1C /* DownNecker2.obj in Resources */ = {isa = PBXBuildFile; fileRef = 2606BC2C18C7136000142F1C /* DownNecker2.obj */; };
		2606BC4A18C7136000142F1C /* DownNecker2.obj in Resources */ = {isa = PBXBuildFile; fileRef = 2606BC2C18C7136000142F1C /* DownNecker2.obj */; };
		2606BC4B18C7136000142F1C /* fighter.obj in Resources */ = {isa = PBXBuildFile; fileRef = 2606BC2D18C7136000142F1C /* fighter.obj */; };
		2606BC4C18C7136000142F1C /* fighter.obj in Resources */ = {isa = PBXBuildFile; fileRef = 2606BC2D18C7136000142F1C /* fighter.obj */; };
		2606BC4D18C7136000142F1C /* fighter.png in Resources */ = {isa = PBXBuildFile; fileRef = 2606BC2E18C7136000142F1C /* fighter.png */; };
		2606BC4E18C7136000142F1C /* fighter.png in Resources */ = {isa = PBXBuildFile; fileRef = 2606BC2E18C7136000142F1C /* fighter.png */; };
		2606BC4F18C7136000142F1C /* fog.png in Resources */ = {isa = PBXBuildFile; fileRef = 2606BC2F18C7136000142F1C /* fog.png */; };
		2606BC5018C7136000142F1C /* fog.png in Resources */ = {isa = PBXBuildFile; fileRef = 2606BC2F18C7136000142F1C /* fog.png */; };
		2606BC5118C7136000142F1C /* Marker Felt.ttf in Resources */ = {isa = PBXBuildFile; fileRef = 2606BC3118C7136000142F1C /* Marker Felt.ttf */; };
		2606BC5218C7136000142F1C /* Marker Felt.ttf in Resources */ = {isa = PBXBuildFile; fileRef = 2606BC3118C7136000142F1C /* Marker Felt.ttf */; };
		2606BC5318C7136000142F1C /* groundLevel.jpg in Resources */ = {isa = PBXBuildFile; fileRef = 2606BC3218C7136000142F1C /* groundLevel.jpg */; };
		2606BC5418C7136000142F1C /* groundLevel.jpg in Resources */ = {isa = PBXBuildFile; fileRef = 2606BC3218C7136000142F1C /* groundLevel.jpg */; };
		2606BC5518C7136000142F1C /* HelloWorld.png in Resources */ = {isa = PBXBuildFile; fileRef = 2606BC3318C7136000142F1C /* HelloWorld.png */; };
		2606BC5618C7136000142F1C /* HelloWorld.png in Resources */ = {isa = PBXBuildFile; fileRef = 2606BC3318C7136000142F1C /* HelloWorld.png */; };
		2606BC5718C7136000142F1C /* playerv001.obj in Resources */ = {isa = PBXBuildFile; fileRef = 2606BC3418C7136000142F1C /* playerv001.obj */; };
		2606BC5818C7136000142F1C /* playerv001.obj in Resources */ = {isa = PBXBuildFile; fileRef = 2606BC3418C7136000142F1C /* playerv001.obj */; };
		2606BC5918C7136000142F1C /* playerv002_1024.png in Resources */ = {isa = PBXBuildFile; fileRef = 2606BC3518C7136000142F1C /* playerv002_1024.png */; };
		2606BC5A18C7136000142F1C /* playerv002_1024.png in Resources */ = {isa = PBXBuildFile; fileRef = 2606BC3518C7136000142F1C /* playerv002_1024.png */; };
		2606BC5B18C7136000142F1C /* Scania4.obj in Resources */ = {isa = PBXBuildFile; fileRef = 2606BC3618C7136000142F1C /* Scania4.obj */; };
		2606BC5C18C7136000142F1C /* Scania4.obj in Resources */ = {isa = PBXBuildFile; fileRef = 2606BC3618C7136000142F1C /* Scania4.obj */; };
		2606BCBD18C713CF00142F1C /* Mesh.cpp in Sources */ = {isa = PBXBuildFile; fileRef = 2606BC9F18C713CF00142F1C /* Mesh.cpp */; };
		2606BCBE18C713CF00142F1C /* Mesh.cpp in Sources */ = {isa = PBXBuildFile; fileRef = 2606BC9F18C713CF00142F1C /* Mesh.cpp */; };
		2606BCBF18C713CF00142F1C /* Sprite3D.cpp in Sources */ = {isa = PBXBuildFile; fileRef = 2606BCA118C713CF00142F1C /* Sprite3D.cpp */; };
		2606BCC018C713CF00142F1C /* Sprite3D.cpp in Sources */ = {isa = PBXBuildFile; fileRef = 2606BCA118C713CF00142F1C /* Sprite3D.cpp */; };
		2606BCC118C713CF00142F1C /* AirCraft.cpp in Sources */ = {isa = PBXBuildFile; fileRef = 2606BCA618C713CF00142F1C /* AirCraft.cpp */; };
		2606BCC218C713CF00142F1C /* AirCraft.cpp in Sources */ = {isa = PBXBuildFile; fileRef = 2606BCA618C713CF00142F1C /* AirCraft.cpp */; };
		2606BCC318C713CF00142F1C /* AppDelegate.cpp in Sources */ = {isa = PBXBuildFile; fileRef = 2606BCA818C713CF00142F1C /* AppDelegate.cpp */; };
		2606BCC418C713CF00142F1C /* AppDelegate.cpp in Sources */ = {isa = PBXBuildFile; fileRef = 2606BCA818C713CF00142F1C /* AppDelegate.cpp */; };
		2606BCC518C713CF00142F1C /* Bullet.cpp in Sources */ = {isa = PBXBuildFile; fileRef = 2606BCAA18C713CF00142F1C /* Bullet.cpp */; };
		2606BCC618C713CF00142F1C /* Bullet.cpp in Sources */ = {isa = PBXBuildFile; fileRef = 2606BCAA18C713CF00142F1C /* Bullet.cpp */; };
		2606BCC718C713CF00142F1C /* BulletController.cpp in Sources */ = {isa = PBXBuildFile; fileRef = 2606BCAC18C713CF00142F1C /* BulletController.cpp */; };
		2606BCC818C713CF00142F1C /* BulletController.cpp in Sources */ = {isa = PBXBuildFile; fileRef = 2606BCAC18C713CF00142F1C /* BulletController.cpp */; };
		2606BCC918C713CF00142F1C /* Fodder.cpp in Sources */ = {isa = PBXBuildFile; fileRef = 2606BCAE18C713CF00142F1C /* Fodder.cpp */; };
		2606BCCA18C713CF00142F1C /* Fodder.cpp in Sources */ = {isa = PBXBuildFile; fileRef = 2606BCAE18C713CF00142F1C /* Fodder.cpp */; };
		2606BCCB18C713CF00142F1C /* GameEntity.cpp in Sources */ = {isa = PBXBuildFile; fileRef = 2606BCB018C713CF00142F1C /* GameEntity.cpp */; };
		2606BCCC18C713CF00142F1C /* GameEntity.cpp in Sources */ = {isa = PBXBuildFile; fileRef = 2606BCB018C713CF00142F1C /* GameEntity.cpp */; };
		2606BCCD18C713CF00142F1C /* GameLayer.cpp in Sources */ = {isa = PBXBuildFile; fileRef = 2606BCB218C713CF00142F1C /* GameLayer.cpp */; };
		2606BCCE18C713CF00142F1C /* GameLayer.cpp in Sources */ = {isa = PBXBuildFile; fileRef = 2606BCB218C713CF00142F1C /* GameLayer.cpp */; };
		2606BCCF18C713CF00142F1C /* HelloWorldScene.cpp in Sources */ = {isa = PBXBuildFile; fileRef = 2606BCB418C713CF00142F1C /* HelloWorldScene.cpp */; };
		2606BCD018C713CF00142F1C /* HelloWorldScene.cpp in Sources */ = {isa = PBXBuildFile; fileRef = 2606BCB418C713CF00142F1C /* HelloWorldScene.cpp */; };
		2606BCD118C713CF00142F1C /* Player.cpp in Sources */ = {isa = PBXBuildFile; fileRef = 2606BCB618C713CF00142F1C /* Player.cpp */; };
		2606BCD218C713CF00142F1C /* Player.cpp in Sources */ = {isa = PBXBuildFile; fileRef = 2606BCB618C713CF00142F1C /* Player.cpp */; };
		2606BCD318C713CF00142F1C /* PublicApi.cpp in Sources */ = {isa = PBXBuildFile; fileRef = 2606BCB818C713CF00142F1C /* PublicApi.cpp */; };
		2606BCD418C713CF00142F1C /* PublicApi.cpp in Sources */ = {isa = PBXBuildFile; fileRef = 2606BCB818C713CF00142F1C /* PublicApi.cpp */; };
		2606BCD518C713CF00142F1C /* QuadTree.cpp in Sources */ = {isa = PBXBuildFile; fileRef = 2606BCBA18C713CF00142F1C /* QuadTree.cpp */; };
		2606BCD618C713CF00142F1C /* QuadTree.cpp in Sources */ = {isa = PBXBuildFile; fileRef = 2606BCBA18C713CF00142F1C /* QuadTree.cpp */; };
		2606BCDA18C7140800142F1C /* OpenGLES.framework in Frameworks */ = {isa = PBXBuildFile; fileRef = 2606BCD918C7140800142F1C /* OpenGLES.framework */; };
		2606BCDC18C7141600142F1C /* UIKit.framework in Frameworks */ = {isa = PBXBuildFile; fileRef = 2606BCDB18C7141600142F1C /* UIKit.framework */; };
		2606BCF718C7165700142F1C /* AppController.mm in Sources */ = {isa = PBXBuildFile; fileRef = 2606BCE118C7165700142F1C /* AppController.mm */; };
		2606BCF818C7165700142F1C /* Default-568h@2x.png in Resources */ = {isa = PBXBuildFile; fileRef = 2606BCE218C7165700142F1C /* Default-568h@2x.png */; };
		2606BCF918C7165700142F1C /* Default.png in Resources */ = {isa = PBXBuildFile; fileRef = 2606BCE318C7165700142F1C /* Default.png */; };
		2606BCFA18C7165700142F1C /* Default@2x.png in Resources */ = {isa = PBXBuildFile; fileRef = 2606BCE418C7165700142F1C /* Default@2x.png */; };
		2606BCFB18C7165700142F1C /* Icon-100.png in Resources */ = {isa = PBXBuildFile; fileRef = 2606BCE518C7165700142F1C /* Icon-100.png */; };
		2606BCFC18C7165700142F1C /* Icon-114.png in Resources */ = {isa = PBXBuildFile; fileRef = 2606BCE618C7165700142F1C /* Icon-114.png */; };
		2606BCFD18C7165700142F1C /* Icon-120.png in Resources */ = {isa = PBXBuildFile; fileRef = 2606BCE718C7165700142F1C /* Icon-120.png */; };
		2606BCFE18C7165700142F1C /* Icon-144.png in Resources */ = {isa = PBXBuildFile; fileRef = 2606BCE818C7165700142F1C /* Icon-144.png */; };
		2606BCFF18C7165700142F1C /* Icon-152.png in Resources */ = {isa = PBXBuildFile; fileRef = 2606BCE918C7165700142F1C /* Icon-152.png */; };
		2606BD0018C7165700142F1C /* Icon-29.png in Resources */ = {isa = PBXBuildFile; fileRef = 2606BCEA18C7165700142F1C /* Icon-29.png */; };
		2606BD0118C7165700142F1C /* Icon-40.png in Resources */ = {isa = PBXBuildFile; fileRef = 2606BCEB18C7165700142F1C /* Icon-40.png */; };
		2606BD0218C7165700142F1C /* Icon-50.png in Resources */ = {isa = PBXBuildFile; fileRef = 2606BCEC18C7165700142F1C /* Icon-50.png */; };
		2606BD0318C7165700142F1C /* Icon-57.png in Resources */ = {isa = PBXBuildFile; fileRef = 2606BCED18C7165700142F1C /* Icon-57.png */; };
		2606BD0418C7165700142F1C /* Icon-58.png in Resources */ = {isa = PBXBuildFile; fileRef = 2606BCEE18C7165700142F1C /* Icon-58.png */; };
		2606BD0518C7165700142F1C /* Icon-72.png in Resources */ = {isa = PBXBuildFile; fileRef = 2606BCEF18C7165700142F1C /* Icon-72.png */; };
		2606BD0618C7165700142F1C /* Icon-76.png in Resources */ = {isa = PBXBuildFile; fileRef = 2606BCF018C7165700142F1C /* Icon-76.png */; };
		2606BD0718C7165700142F1C /* Icon-80.png in Resources */ = {isa = PBXBuildFile; fileRef = 2606BCF118C7165700142F1C /* Icon-80.png */; };
		2606BD0818C7165700142F1C /* Info.plist in Resources */ = {isa = PBXBuildFile; fileRef = 2606BCF218C7165700142F1C /* Info.plist */; };
		2606BD0918C7165700142F1C /* main.m in Sources */ = {isa = PBXBuildFile; fileRef = 2606BCF318C7165700142F1C /* main.m */; };
		2606BD0A18C7165700142F1C /* RootViewController.mm in Sources */ = {isa = PBXBuildFile; fileRef = 2606BCF618C7165700142F1C /* RootViewController.mm */; };
		288765A50DF7441C002DB57D /* CoreGraphics.framework in Frameworks */ = {isa = PBXBuildFile; fileRef = 288765A40DF7441C002DB57D /* CoreGraphics.framework */; };
		503AE0F817EB97AB00D1A890 /* Icon.icns in Resources */ = {isa = PBXBuildFile; fileRef = 503AE0F617EB97AB00D1A890 /* Icon.icns */; };
		503AE10517EB98FF00D1A890 /* main.cpp in Sources */ = {isa = PBXBuildFile; fileRef = 503AE10317EB98FF00D1A890 /* main.cpp */; };
		503AE11217EB99EE00D1A890 /* libcurl.dylib in Frameworks */ = {isa = PBXBuildFile; fileRef = 503AE11117EB99EE00D1A890 /* libcurl.dylib */; };
		503AE11B17EB9C5A00D1A890 /* IOKit.framework in Frameworks */ = {isa = PBXBuildFile; fileRef = 503AE11A17EB9C5A00D1A890 /* IOKit.framework */; };
		5087E76317EB910900C73F5D /* Foundation.framework in Frameworks */ = {isa = PBXBuildFile; fileRef = 1D30AB110D05D00D00671497 /* Foundation.framework */; };
		5087E76517EB910900C73F5D /* CoreGraphics.framework in Frameworks */ = {isa = PBXBuildFile; fileRef = 288765A40DF7441C002DB57D /* CoreGraphics.framework */; };
		5087E76717EB910900C73F5D /* libz.dylib in Frameworks */ = {isa = PBXBuildFile; fileRef = BF170DB412928DE900B8313A /* libz.dylib */; };
		5087E76817EB910900C73F5D /* QuartzCore.framework in Frameworks */ = {isa = PBXBuildFile; fileRef = BF1C47EA1293683800B63C5D /* QuartzCore.framework */; };
		5087E76917EB910900C73F5D /* OpenAL.framework in Frameworks */ = {isa = PBXBuildFile; fileRef = D44C620B132DFF330009C878 /* OpenAL.framework */; };
		5087E76A17EB910900C73F5D /* AVFoundation.framework in Frameworks */ = {isa = PBXBuildFile; fileRef = D44C620D132DFF430009C878 /* AVFoundation.framework */; };
		5087E76B17EB910900C73F5D /* AudioToolbox.framework in Frameworks */ = {isa = PBXBuildFile; fileRef = D44C620F132DFF4E0009C878 /* AudioToolbox.framework */; };
		5087E78917EB974C00C73F5D /* AppKit.framework in Frameworks */ = {isa = PBXBuildFile; fileRef = 5087E78817EB974C00C73F5D /* AppKit.framework */; };
		5087E78B17EB975400C73F5D /* OpenGL.framework in Frameworks */ = {isa = PBXBuildFile; fileRef = 5087E78A17EB975400C73F5D /* OpenGL.framework */; };
		686EC63218BADFEF0065154C /* libcocos2dx Mac.a in Frameworks */ = {isa = PBXBuildFile; fileRef = 686EC61118BADFD30065154C /* libcocos2dx Mac.a */; };
		686EC63318BADFEF0065154C /* libcocos2dx-extensions Mac.a in Frameworks */ = {isa = PBXBuildFile; fileRef = 686EC61318BADFD30065154C /* libcocos2dx-extensions Mac.a */; };
		686EC63418BADFEF0065154C /* libCocosDenshion Mac.a in Frameworks */ = {isa = PBXBuildFile; fileRef = 686EC61918BADFD30065154C /* libCocosDenshion Mac.a */; };
		68B9375F18C0336A00CE1505 /* libcocos2dx iOS.a in Frameworks */ = {isa = PBXBuildFile; fileRef = 686EC61F18BADFD30065154C /* libcocos2dx iOS.a */; };
		68B9376018C0336A00CE1505 /* libcocos2dx-extensions iOS.a in Frameworks */ = {isa = PBXBuildFile; fileRef = 686EC62118BADFD30065154C /* libcocos2dx-extensions iOS.a */; };
		68B9376118C0336A00CE1505 /* libCocosDenshion iOS.a in Frameworks */ = {isa = PBXBuildFile; fileRef = 686EC62718BADFD30065154C /* libCocosDenshion iOS.a */; };
		BF1712471292920000B8313A /* libz.dylib in Frameworks */ = {isa = PBXBuildFile; fileRef = BF170DB412928DE900B8313A /* libz.dylib */; };
		BF1C47F01293687400B63C5D /* QuartzCore.framework in Frameworks */ = {isa = PBXBuildFile; fileRef = BF1C47EA1293683800B63C5D /* QuartzCore.framework */; };
		D44C620C132DFF330009C878 /* OpenAL.framework in Frameworks */ = {isa = PBXBuildFile; fileRef = D44C620B132DFF330009C878 /* OpenAL.framework */; };
		D44C620E132DFF430009C878 /* AVFoundation.framework in Frameworks */ = {isa = PBXBuildFile; fileRef = D44C620D132DFF430009C878 /* AVFoundation.framework */; };
		D44C6210132DFF4E0009C878 /* AudioToolbox.framework in Frameworks */ = {isa = PBXBuildFile; fileRef = D44C620F132DFF4E0009C878 /* AudioToolbox.framework */; };
		D6B0611B1803AB670077942B /* CoreMotion.framework in Frameworks */ = {isa = PBXBuildFile; fileRef = D6B0611A1803AB670077942B /* CoreMotion.framework */; };
/* End PBXBuildFile section */

/* Begin PBXContainerItemProxy section */
		686EC61018BADFD30065154C /* PBXContainerItemProxy */ = {
			isa = PBXContainerItemProxy;
			containerPortal = 1AC6FAE5180E9839004C840B /* cocos2d_libs.xcodeproj */;
			proxyType = 2;
			remoteGlobalIDString = 1551A33F158F2AB200E66CFE;
			remoteInfo = "cocos2dx Mac";
		};
		686EC61218BADFD30065154C /* PBXContainerItemProxy */ = {
			isa = PBXContainerItemProxy;
			containerPortal = 1AC6FAE5180E9839004C840B /* cocos2d_libs.xcodeproj */;
			proxyType = 2;
			remoteGlobalIDString = A03F2FD617814595006731B9;
			remoteInfo = "cocos2dx-extensions Mac";
		};
		686EC61418BADFD30065154C /* PBXContainerItemProxy */ = {
			isa = PBXContainerItemProxy;
			containerPortal = 1AC6FAE5180E9839004C840B /* cocos2d_libs.xcodeproj */;
			proxyType = 2;
			remoteGlobalIDString = A03F2CB81780BD04006731B9;
			remoteInfo = "chipmunk Mac";
		};
		686EC61618BADFD30065154C /* PBXContainerItemProxy */ = {
			isa = PBXContainerItemProxy;
			containerPortal = 1AC6FAE5180E9839004C840B /* cocos2d_libs.xcodeproj */;
			proxyType = 2;
			remoteGlobalIDString = A03F2D9B1780BDF7006731B9;
			remoteInfo = "box2d Mac";
		};
		686EC61818BADFD30065154C /* PBXContainerItemProxy */ = {
			isa = PBXContainerItemProxy;
			containerPortal = 1AC6FAE5180E9839004C840B /* cocos2d_libs.xcodeproj */;
			proxyType = 2;
			remoteGlobalIDString = A03F2ED617814268006731B9;
			remoteInfo = "CocosDenshion Mac";
		};
		686EC61A18BADFD30065154C /* PBXContainerItemProxy */ = {
			isa = PBXContainerItemProxy;
			containerPortal = 1AC6FAE5180E9839004C840B /* cocos2d_libs.xcodeproj */;
			proxyType = 2;
			remoteGlobalIDString = A03F31FD1781479B006731B9;
			remoteInfo = "jsbindings Mac";
		};
		686EC61C18BADFD30065154C /* PBXContainerItemProxy */ = {
			isa = PBXContainerItemProxy;
			containerPortal = 1AC6FAE5180E9839004C840B /* cocos2d_libs.xcodeproj */;
			proxyType = 2;
			remoteGlobalIDString = 1A6FB53017854BC300CDF010;
			remoteInfo = "luabindings Mac";
		};
		686EC61E18BADFD30065154C /* PBXContainerItemProxy */ = {
			isa = PBXContainerItemProxy;
			containerPortal = 1AC6FAE5180E9839004C840B /* cocos2d_libs.xcodeproj */;
			proxyType = 2;
			remoteGlobalIDString = A07A4D641783777C0073F6A7;
			remoteInfo = "cocos2dx iOS";
		};
		686EC62018BADFD30065154C /* PBXContainerItemProxy */ = {
			isa = PBXContainerItemProxy;
			containerPortal = 1AC6FAE5180E9839004C840B /* cocos2d_libs.xcodeproj */;
			proxyType = 2;
			remoteGlobalIDString = A07A4EFC1783867C0073F6A7;
			remoteInfo = "cocos2dx-extensions iOS";
		};
		686EC62218BADFD30065154C /* PBXContainerItemProxy */ = {
			isa = PBXContainerItemProxy;
			containerPortal = 1AC6FAE5180E9839004C840B /* cocos2d_libs.xcodeproj */;
			proxyType = 2;
			remoteGlobalIDString = A07A4F3B178387670073F6A7;
			remoteInfo = "chipmunk iOS";
		};
		686EC62418BADFD30065154C /* PBXContainerItemProxy */ = {
			isa = PBXContainerItemProxy;
			containerPortal = 1AC6FAE5180E9839004C840B /* cocos2d_libs.xcodeproj */;
			proxyType = 2;
			remoteGlobalIDString = A07A4F9E1783876B0073F6A7;
			remoteInfo = "box2d iOS";
		};
		686EC62618BADFD30065154C /* PBXContainerItemProxy */ = {
			isa = PBXContainerItemProxy;
			containerPortal = 1AC6FAE5180E9839004C840B /* cocos2d_libs.xcodeproj */;
			proxyType = 2;
			remoteGlobalIDString = A07A4FB4178387730073F6A7;
			remoteInfo = "CocosDenshion iOS";
		};
		686EC62818BADFD30065154C /* PBXContainerItemProxy */ = {
			isa = PBXContainerItemProxy;
			containerPortal = 1AC6FAE5180E9839004C840B /* cocos2d_libs.xcodeproj */;
			proxyType = 2;
			remoteGlobalIDString = A07A5030178387750073F6A7;
			remoteInfo = "jsbindings iOS";
		};
		686EC62A18BADFD30065154C /* PBXContainerItemProxy */ = {
			isa = PBXContainerItemProxy;
			containerPortal = 1AC6FAE5180E9839004C840B /* cocos2d_libs.xcodeproj */;
			proxyType = 2;
			remoteGlobalIDString = 1A119791178526AA00D62A44;
			remoteInfo = "luabindings iOS";
		};
		686EC62C18BADFE30065154C /* PBXContainerItemProxy */ = {
			isa = PBXContainerItemProxy;
			containerPortal = 1AC6FAE5180E9839004C840B /* cocos2d_libs.xcodeproj */;
			proxyType = 1;
			remoteGlobalIDString = 1551A33E158F2AB200E66CFE;
			remoteInfo = "cocos2dx Mac";
		};
		686EC62E18BADFE30065154C /* PBXContainerItemProxy */ = {
			isa = PBXContainerItemProxy;
			containerPortal = 1AC6FAE5180E9839004C840B /* cocos2d_libs.xcodeproj */;
			proxyType = 1;
			remoteGlobalIDString = A03F2FC117814595006731B9;
			remoteInfo = "cocos2dx-extensions Mac";
		};
		686EC63018BADFE30065154C /* PBXContainerItemProxy */ = {
			isa = PBXContainerItemProxy;
			containerPortal = 1AC6FAE5180E9839004C840B /* cocos2d_libs.xcodeproj */;
			proxyType = 1;
			remoteGlobalIDString = A03F2E9817814268006731B9;
			remoteInfo = "CocosDenshion Mac";
		};
		68B9375918C0335E00CE1505 /* PBXContainerItemProxy */ = {
			isa = PBXContainerItemProxy;
			containerPortal = 1AC6FAE5180E9839004C840B /* cocos2d_libs.xcodeproj */;
			proxyType = 1;
			remoteGlobalIDString = A07A4C241783777C0073F6A7;
			remoteInfo = "cocos2dx iOS";
		};
		68B9375B18C0335E00CE1505 /* PBXContainerItemProxy */ = {
			isa = PBXContainerItemProxy;
			containerPortal = 1AC6FAE5180E9839004C840B /* cocos2d_libs.xcodeproj */;
			proxyType = 1;
			remoteGlobalIDString = A07A4E111783867C0073F6A7;
			remoteInfo = "cocos2dx-extensions iOS";
		};
		68B9375D18C0335E00CE1505 /* PBXContainerItemProxy */ = {
			isa = PBXContainerItemProxy;
			containerPortal = 1AC6FAE5180E9839004C840B /* cocos2d_libs.xcodeproj */;
			proxyType = 1;
			remoteGlobalIDString = A07A4F9F178387730073F6A7;
			remoteInfo = "CocosDenshion iOS";
		};
/* End PBXContainerItemProxy section */

/* Begin PBXFileReference section */
		1AC6FAE5180E9839004C840B /* cocos2d_libs.xcodeproj */ = {isa = PBXFileReference; lastKnownFileType = "wrapper.pb-project"; name = cocos2d_libs.xcodeproj; path = ../cocos2d/build/cocos2d_libs.xcodeproj; sourceTree = "<group>"; };
		1ACB3243164770DE00914215 /* libcurl.a */ = {isa = PBXFileReference; lastKnownFileType = archive.ar; name = libcurl.a; path = ../../cocos2dx/platform/third_party/ios/libraries/libcurl.a; sourceTree = "<group>"; };
		1D30AB110D05D00D00671497 /* Foundation.framework */ = {isa = PBXFileReference; lastKnownFileType = wrapper.framework; name = Foundation.framework; path = System/Library/Frameworks/Foundation.framework; sourceTree = SDKROOT; };
		1D6058910D05DD3D006BFB54 /* Moon3d iOS.app */ = {isa = PBXFileReference; explicitFileType = wrapper.application; includeInIndex = 0; path = "Moon3d iOS.app"; sourceTree = BUILT_PRODUCTS_DIR; };
		2606BC2318C7136000142F1C /* car00.png */ = {isa = PBXFileReference; lastKnownFileType = image.png; path = car00.png; sourceTree = "<group>"; };
		2606BC2418C7136000142F1C /* CloseNormal.png */ = {isa = PBXFileReference; lastKnownFileType = image.png; path = CloseNormal.png; sourceTree = "<group>"; };
		2606BC2518C7136000142F1C /* CloseSelected.png */ = {isa = PBXFileReference; lastKnownFileType = image.png; path = CloseSelected.png; sourceTree = "<group>"; };
		2606BC2618C7136000142F1C /* daodan_512.png */ = {isa = PBXFileReference; lastKnownFileType = image.png; path = daodan_512.png; sourceTree = "<group>"; };
		2606BC2718C7136000142F1C /* daodanv001.obj */ = {isa = PBXFileReference; fileEncoding = 4; lastKnownFileType = text; path = daodanv001.obj; sourceTree = "<group>"; };
		2606BC2818C7136000142F1C /* diji1_v001.obj */ = {isa = PBXFileReference; fileEncoding = 4; lastKnownFileType = text; path = diji1_v001.obj; sourceTree = "<group>"; };
		2606BC2918C7136000142F1C /* diji02_v002_1024.png */ = {isa = PBXFileReference; lastKnownFileType = image.png; path = diji02_v002_1024.png; sourceTree = "<group>"; };
		2606BC2A18C7136000142F1C /* Done1.png */ = {isa = PBXFileReference; lastKnownFileType = image.png; path = Done1.png; sourceTree = "<group>"; };
		2606BC2B18C7136000142F1C /* DownNecker.obj */ = {isa = PBXFileReference; fileEncoding = 4; lastKnownFileType = text; path = DownNecker.obj; sourceTree = "<group>"; };
		2606BC2C18C7136000142F1C /* DownNecker2.obj */ = {isa = PBXFileReference; fileEncoding = 4; lastKnownFileType = text; path = DownNecker2.obj; sourceTree = "<group>"; };
		2606BC2D18C7136000142F1C /* fighter.obj */ = {isa = PBXFileReference; fileEncoding = 4; lastKnownFileType = text; path = fighter.obj; sourceTree = "<group>"; };
		2606BC2E18C7136000142F1C /* fighter.png */ = {isa = PBXFileReference; lastKnownFileType = image.png; path = fighter.png; sourceTree = "<group>"; };
		2606BC2F18C7136000142F1C /* fog.png */ = {isa = PBXFileReference; lastKnownFileType = image.png; path = fog.png; sourceTree = "<group>"; };
		2606BC3118C7136000142F1C /* Marker Felt.ttf */ = {isa = PBXFileReference; lastKnownFileType = file; path = "Marker Felt.ttf"; sourceTree = "<group>"; };
		2606BC3218C7136000142F1C /* groundLevel.jpg */ = {isa = PBXFileReference; lastKnownFileType = image.jpeg; path = groundLevel.jpg; sourceTree = "<group>"; };
		2606BC3318C7136000142F1C /* HelloWorld.png */ = {isa = PBXFileReference; lastKnownFileType = image.png; path = HelloWorld.png; sourceTree = "<group>"; };
		2606BC3418C7136000142F1C /* playerv001.obj */ = {isa = PBXFileReference; fileEncoding = 4; lastKnownFileType = text; path = playerv001.obj; sourceTree = "<group>"; };
		2606BC3518C7136000142F1C /* playerv002_1024.png */ = {isa = PBXFileReference; lastKnownFileType = image.png; path = playerv002_1024.png; sourceTree = "<group>"; };
		2606BC3618C7136000142F1C /* Scania4.obj */ = {isa = PBXFileReference; fileEncoding = 4; lastKnownFileType = text; path = Scania4.obj; sourceTree = "<group>"; };
		2606BC9E18C713CF00142F1C /* Colored.es2.frag.h */ = {isa = PBXFileReference; fileEncoding = 4; lastKnownFileType = sourcecode.c.h; path = Colored.es2.frag.h; sourceTree = "<group>"; };
		2606BC9F18C713CF00142F1C /* Mesh.cpp */ = {isa = PBXFileReference; fileEncoding = 4; lastKnownFileType = sourcecode.cpp.cpp; path = Mesh.cpp; sourceTree = "<group>"; };
		2606BCA018C713CF00142F1C /* Mesh.h */ = {isa = PBXFileReference; fileEncoding = 4; lastKnownFileType = sourcecode.c.h; path = Mesh.h; sourceTree = "<group>"; };
		2606BCA118C713CF00142F1C /* Sprite3D.cpp */ = {isa = PBXFileReference; fileEncoding = 4; lastKnownFileType = sourcecode.cpp.cpp; path = Sprite3D.cpp; sourceTree = "<group>"; };
		2606BCA218C713CF00142F1C /* Sprite3D.h */ = {isa = PBXFileReference; fileEncoding = 4; lastKnownFileType = sourcecode.c.h; path = Sprite3D.h; sourceTree = "<group>"; };
		2606BCA318C713CF00142F1C /* Textured.es2.frag.h */ = {isa = PBXFileReference; fileEncoding = 4; lastKnownFileType = sourcecode.c.h; path = Textured.es2.frag.h; sourceTree = "<group>"; };
		2606BCA418C713CF00142F1C /* Textured.es2.vert.h */ = {isa = PBXFileReference; fileEncoding = 4; lastKnownFileType = sourcecode.c.h; path = Textured.es2.vert.h; sourceTree = "<group>"; };
		2606BCA518C713CF00142F1C /* Vector.h */ = {isa = PBXFileReference; fileEncoding = 4; lastKnownFileType = sourcecode.c.h; path = Vector.h; sourceTree = "<group>"; };
		2606BCA618C713CF00142F1C /* AirCraft.cpp */ = {isa = PBXFileReference; fileEncoding = 4; lastKnownFileType = sourcecode.cpp.cpp; name = AirCraft.cpp; path = ../Classes/AirCraft.cpp; sourceTree = "<group>"; };
		2606BCA718C713CF00142F1C /* AirCraft.h */ = {isa = PBXFileReference; fileEncoding = 4; lastKnownFileType = sourcecode.c.h; name = AirCraft.h; path = ../Classes/AirCraft.h; sourceTree = "<group>"; };
		2606BCA818C713CF00142F1C /* AppDelegate.cpp */ = {isa = PBXFileReference; fileEncoding = 4; lastKnownFileType = sourcecode.cpp.cpp; name = AppDelegate.cpp; path = ../Classes/AppDelegate.cpp; sourceTree = "<group>"; };
		2606BCA918C713CF00142F1C /* AppDelegate.h */ = {isa = PBXFileReference; fileEncoding = 4; lastKnownFileType = sourcecode.c.h; name = AppDelegate.h; path = ../Classes/AppDelegate.h; sourceTree = "<group>"; };
		2606BCAA18C713CF00142F1C /* Bullet.cpp */ = {isa = PBXFileReference; fileEncoding = 4; lastKnownFileType = sourcecode.cpp.cpp; name = Bullet.cpp; path = ../Classes/Bullet.cpp; sourceTree = "<group>"; };
		2606BCAB18C713CF00142F1C /* Bullet.h */ = {isa = PBXFileReference; fileEncoding = 4; lastKnownFileType = sourcecode.c.h; name = Bullet.h; path = ../Classes/Bullet.h; sourceTree = "<group>"; };
		2606BCAC18C713CF00142F1C /* BulletController.cpp */ = {isa = PBXFileReference; fileEncoding = 4; lastKnownFileType = sourcecode.cpp.cpp; name = BulletController.cpp; path = ../Classes/BulletController.cpp; sourceTree = "<group>"; };
		2606BCAD18C713CF00142F1C /* BulletController.h */ = {isa = PBXFileReference; fileEncoding = 4; lastKnownFileType = sourcecode.c.h; name = BulletController.h; path = ../Classes/BulletController.h; sourceTree = "<group>"; };
		2606BCAE18C713CF00142F1C /* Fodder.cpp */ = {isa = PBXFileReference; fileEncoding = 4; lastKnownFileType = sourcecode.cpp.cpp; name = Fodder.cpp; path = ../Classes/Fodder.cpp; sourceTree = "<group>"; };
		2606BCAF18C713CF00142F1C /* Fodder.h */ = {isa = PBXFileReference; fileEncoding = 4; lastKnownFileType = sourcecode.c.h; name = Fodder.h; path = ../Classes/Fodder.h; sourceTree = "<group>"; };
		2606BCB018C713CF00142F1C /* GameEntity.cpp */ = {isa = PBXFileReference; fileEncoding = 4; lastKnownFileType = sourcecode.cpp.cpp; name = GameEntity.cpp; path = ../Classes/GameEntity.cpp; sourceTree = "<group>"; };
		2606BCB118C713CF00142F1C /* GameEntity.h */ = {isa = PBXFileReference; fileEncoding = 4; lastKnownFileType = sourcecode.c.h; name = GameEntity.h; path = ../Classes/GameEntity.h; sourceTree = "<group>"; };
		2606BCB218C713CF00142F1C /* GameLayer.cpp */ = {isa = PBXFileReference; fileEncoding = 4; lastKnownFileType = sourcecode.cpp.cpp; name = GameLayer.cpp; path = ../Classes/GameLayer.cpp; sourceTree = "<group>"; };
		2606BCB318C713CF00142F1C /* GameLayer.h */ = {isa = PBXFileReference; fileEncoding = 4; lastKnownFileType = sourcecode.c.h; name = GameLayer.h; path = ../Classes/GameLayer.h; sourceTree = "<group>"; };
		2606BCB418C713CF00142F1C /* HelloWorldScene.cpp */ = {isa = PBXFileReference; fileEncoding = 4; lastKnownFileType = sourcecode.cpp.cpp; name = HelloWorldScene.cpp; path = ../Classes/HelloWorldScene.cpp; sourceTree = "<group>"; };
		2606BCB518C713CF00142F1C /* HelloWorldScene.h */ = {isa = PBXFileReference; fileEncoding = 4; lastKnownFileType = sourcecode.c.h; name = HelloWorldScene.h; path = ../Classes/HelloWorldScene.h; sourceTree = "<group>"; };
		2606BCB618C713CF00142F1C /* Player.cpp */ = {isa = PBXFileReference; fileEncoding = 4; lastKnownFileType = sourcecode.cpp.cpp; name = Player.cpp; path = ../Classes/Player.cpp; sourceTree = "<group>"; };
		2606BCB718C713CF00142F1C /* Player.h */ = {isa = PBXFileReference; fileEncoding = 4; lastKnownFileType = sourcecode.c.h; name = Player.h; path = ../Classes/Player.h; sourceTree = "<group>"; };
		2606BCB818C713CF00142F1C /* PublicApi.cpp */ = {isa = PBXFileReference; fileEncoding = 4; lastKnownFileType = sourcecode.cpp.cpp; name = PublicApi.cpp; path = ../Classes/PublicApi.cpp; sourceTree = "<group>"; };
		2606BCB918C713CF00142F1C /* PublicApi.h */ = {isa = PBXFileReference; fileEncoding = 4; lastKnownFileType = sourcecode.c.h; name = PublicApi.h; path = ../Classes/PublicApi.h; sourceTree = "<group>"; };
		2606BCBA18C713CF00142F1C /* QuadTree.cpp */ = {isa = PBXFileReference; fileEncoding = 4; lastKnownFileType = sourcecode.cpp.cpp; name = QuadTree.cpp; path = ../Classes/QuadTree.cpp; sourceTree = "<group>"; };
		2606BCBB18C713CF00142F1C /* QuadTree.h */ = {isa = PBXFileReference; fileEncoding = 4; lastKnownFileType = sourcecode.c.h; name = QuadTree.h; path = ../Classes/QuadTree.h; sourceTree = "<group>"; };
		2606BCD918C7140800142F1C /* OpenGLES.framework */ = {isa = PBXFileReference; lastKnownFileType = wrapper.framework; name = OpenGLES.framework; path = Platforms/iPhoneOS.platform/Developer/SDKs/iPhoneOS7.0.sdk/System/Library/Frameworks/OpenGLES.framework; sourceTree = DEVELOPER_DIR; };
		2606BCDB18C7141600142F1C /* UIKit.framework */ = {isa = PBXFileReference; lastKnownFileType = wrapper.framework; name = UIKit.framework; path = Platforms/iPhoneOS.platform/Developer/SDKs/iPhoneOS7.0.sdk/System/Library/Frameworks/UIKit.framework; sourceTree = DEVELOPER_DIR; };
		2606BCE018C7165700142F1C /* AppController.h */ = {isa = PBXFileReference; fileEncoding = 4; lastKnownFileType = sourcecode.c.h; path = AppController.h; sourceTree = "<group>"; };
		2606BCE118C7165700142F1C /* AppController.mm */ = {isa = PBXFileReference; fileEncoding = 4; lastKnownFileType = sourcecode.cpp.objcpp; path = AppController.mm; sourceTree = "<group>"; };
		2606BCE218C7165700142F1C /* Default-568h@2x.png */ = {isa = PBXFileReference; lastKnownFileType = image.png; path = "Default-568h@2x.png"; sourceTree = "<group>"; };
		2606BCE318C7165700142F1C /* Default.png */ = {isa = PBXFileReference; lastKnownFileType = image.png; path = Default.png; sourceTree = "<group>"; };
		2606BCE418C7165700142F1C /* Default@2x.png */ = {isa = PBXFileReference; lastKnownFileType = image.png; path = "Default@2x.png"; sourceTree = "<group>"; };
		2606BCE518C7165700142F1C /* Icon-100.png */ = {isa = PBXFileReference; lastKnownFileType = image.png; path = "Icon-100.png"; sourceTree = "<group>"; };
		2606BCE618C7165700142F1C /* Icon-114.png */ = {isa = PBXFileReference; lastKnownFileType = image.png; path = "Icon-114.png"; sourceTree = "<group>"; };
		2606BCE718C7165700142F1C /* Icon-120.png */ = {isa = PBXFileReference; lastKnownFileType = image.png; path = "Icon-120.png"; sourceTree = "<group>"; };
		2606BCE818C7165700142F1C /* Icon-144.png */ = {isa = PBXFileReference; lastKnownFileType = image.png; path = "Icon-144.png"; sourceTree = "<group>"; };
		2606BCE918C7165700142F1C /* Icon-152.png */ = {isa = PBXFileReference; lastKnownFileType = image.png; path = "Icon-152.png"; sourceTree = "<group>"; };
		2606BCEA18C7165700142F1C /* Icon-29.png */ = {isa = PBXFileReference; lastKnownFileType = image.png; path = "Icon-29.png"; sourceTree = "<group>"; };
		2606BCEB18C7165700142F1C /* Icon-40.png */ = {isa = PBXFileReference; lastKnownFileType = image.png; path = "Icon-40.png"; sourceTree = "<group>"; };
		2606BCEC18C7165700142F1C /* Icon-50.png */ = {isa = PBXFileReference; lastKnownFileType = image.png; path = "Icon-50.png"; sourceTree = "<group>"; };
		2606BCED18C7165700142F1C /* Icon-57.png */ = {isa = PBXFileReference; lastKnownFileType = image.png; path = "Icon-57.png"; sourceTree = "<group>"; };
		2606BCEE18C7165700142F1C /* Icon-58.png */ = {isa = PBXFileReference; lastKnownFileType = image.png; path = "Icon-58.png"; sourceTree = "<group>"; };
		2606BCEF18C7165700142F1C /* Icon-72.png */ = {isa = PBXFileReference; lastKnownFileType = image.png; path = "Icon-72.png"; sourceTree = "<group>"; };
		2606BCF018C7165700142F1C /* Icon-76.png */ = {isa = PBXFileReference; lastKnownFileType = image.png; path = "Icon-76.png"; sourceTree = "<group>"; };
		2606BCF118C7165700142F1C /* Icon-80.png */ = {isa = PBXFileReference; lastKnownFileType = image.png; path = "Icon-80.png"; sourceTree = "<group>"; };
		2606BCF218C7165700142F1C /* Info.plist */ = {isa = PBXFileReference; fileEncoding = 4; lastKnownFileType = text.plist.xml; path = Info.plist; sourceTree = "<group>"; };
		2606BCF318C7165700142F1C /* main.m */ = {isa = PBXFileReference; fileEncoding = 4; lastKnownFileType = sourcecode.c.objc; path = main.m; sourceTree = "<group>"; };
		2606BCF418C7165700142F1C /* Prefix.pch */ = {isa = PBXFileReference; fileEncoding = 4; lastKnownFileType = sourcecode.c.h; path = Prefix.pch; sourceTree = "<group>"; };
		2606BCF518C7165700142F1C /* RootViewController.h */ = {isa = PBXFileReference; fileEncoding = 4; lastKnownFileType = sourcecode.c.h; path = RootViewController.h; sourceTree = "<group>"; };
		2606BCF618C7165700142F1C /* RootViewController.mm */ = {isa = PBXFileReference; fileEncoding = 4; lastKnownFileType = sourcecode.cpp.objcpp; path = RootViewController.mm; sourceTree = "<group>"; };
		288765A40DF7441C002DB57D /* CoreGraphics.framework */ = {isa = PBXFileReference; lastKnownFileType = wrapper.framework; name = CoreGraphics.framework; path = System/Library/Frameworks/CoreGraphics.framework; sourceTree = SDKROOT; };
		503AE0F617EB97AB00D1A890 /* Icon.icns */ = {isa = PBXFileReference; lastKnownFileType = image.icns; path = Icon.icns; sourceTree = "<group>"; };
		503AE0F717EB97AB00D1A890 /* Info.plist */ = {isa = PBXFileReference; fileEncoding = 4; lastKnownFileType = text.plist.xml; path = Info.plist; sourceTree = "<group>"; };
		503AE10317EB98FF00D1A890 /* main.cpp */ = {isa = PBXFileReference; fileEncoding = 4; lastKnownFileType = sourcecode.cpp.cpp; name = main.cpp; path = mac/main.cpp; sourceTree = "<group>"; };
		503AE10417EB98FF00D1A890 /* Prefix.pch */ = {isa = PBXFileReference; fileEncoding = 4; lastKnownFileType = sourcecode.c.h; name = Prefix.pch; path = mac/Prefix.pch; sourceTree = "<group>"; };
		503AE11117EB99EE00D1A890 /* libcurl.dylib */ = {isa = PBXFileReference; lastKnownFileType = "compiled.mach-o.dylib"; name = libcurl.dylib; path = usr/lib/libcurl.dylib; sourceTree = SDKROOT; };
		503AE11A17EB9C5A00D1A890 /* IOKit.framework */ = {isa = PBXFileReference; lastKnownFileType = wrapper.framework; name = IOKit.framework; path = System/Library/Frameworks/IOKit.framework; sourceTree = SDKROOT; };
		5087E76F17EB910900C73F5D /* Moon3d Mac.app */ = {isa = PBXFileReference; explicitFileType = wrapper.application; includeInIndex = 0; path = "Moon3d Mac.app"; sourceTree = BUILT_PRODUCTS_DIR; };
		5087E78817EB974C00C73F5D /* AppKit.framework */ = {isa = PBXFileReference; lastKnownFileType = wrapper.framework; name = AppKit.framework; path = System/Library/Frameworks/AppKit.framework; sourceTree = SDKROOT; };
		5087E78A17EB975400C73F5D /* OpenGL.framework */ = {isa = PBXFileReference; lastKnownFileType = wrapper.framework; name = OpenGL.framework; path = System/Library/Frameworks/OpenGL.framework; sourceTree = SDKROOT; };
		BF170DB412928DE900B8313A /* libz.dylib */ = {isa = PBXFileReference; lastKnownFileType = "compiled.mach-o.dylib"; name = libz.dylib; path = usr/lib/libz.dylib; sourceTree = SDKROOT; };
		BF1C47EA1293683800B63C5D /* QuartzCore.framework */ = {isa = PBXFileReference; lastKnownFileType = wrapper.framework; name = QuartzCore.framework; path = System/Library/Frameworks/QuartzCore.framework; sourceTree = SDKROOT; };
		D44C620B132DFF330009C878 /* OpenAL.framework */ = {isa = PBXFileReference; lastKnownFileType = wrapper.framework; name = OpenAL.framework; path = System/Library/Frameworks/OpenAL.framework; sourceTree = SDKROOT; };
		D44C620D132DFF430009C878 /* AVFoundation.framework */ = {isa = PBXFileReference; lastKnownFileType = wrapper.framework; name = AVFoundation.framework; path = System/Library/Frameworks/AVFoundation.framework; sourceTree = SDKROOT; };
		D44C620F132DFF4E0009C878 /* AudioToolbox.framework */ = {isa = PBXFileReference; lastKnownFileType = wrapper.framework; name = AudioToolbox.framework; path = System/Library/Frameworks/AudioToolbox.framework; sourceTree = SDKROOT; };
		D6B0611A1803AB670077942B /* CoreMotion.framework */ = {isa = PBXFileReference; lastKnownFileType = wrapper.framework; name = CoreMotion.framework; path = Platforms/iPhoneOS.platform/Developer/SDKs/iPhoneOS7.0.sdk/System/Library/Frameworks/CoreMotion.framework; sourceTree = DEVELOPER_DIR; };
/* End PBXFileReference section */

/* Begin PBXFrameworksBuildPhase section */
		1D60588F0D05DD3D006BFB54 /* Frameworks */ = {
			isa = PBXFrameworksBuildPhase;
			buildActionMask = 2147483647;
			files = (
				2606BCDC18C7141600142F1C /* UIKit.framework in Frameworks */,
				2606BCDA18C7140800142F1C /* OpenGLES.framework in Frameworks */,
				68B9375F18C0336A00CE1505 /* libcocos2dx iOS.a in Frameworks */,
				68B9376018C0336A00CE1505 /* libcocos2dx-extensions iOS.a in Frameworks */,
				68B9376118C0336A00CE1505 /* libCocosDenshion iOS.a in Frameworks */,
				D6B0611B1803AB670077942B /* CoreMotion.framework in Frameworks */,
				1D60589F0D05DD5A006BFB54 /* Foundation.framework in Frameworks */,
				288765A50DF7441C002DB57D /* CoreGraphics.framework in Frameworks */,
				BF1712471292920000B8313A /* libz.dylib in Frameworks */,
				BF1C47F01293687400B63C5D /* QuartzCore.framework in Frameworks */,
				D44C620C132DFF330009C878 /* OpenAL.framework in Frameworks */,
				D44C620E132DFF430009C878 /* AVFoundation.framework in Frameworks */,
				D44C6210132DFF4E0009C878 /* AudioToolbox.framework in Frameworks */,
			);
			runOnlyForDeploymentPostprocessing = 0;
		};
		5087E75C17EB910900C73F5D /* Frameworks */ = {
			isa = PBXFrameworksBuildPhase;
			buildActionMask = 2147483647;
			files = (
				686EC63218BADFEF0065154C /* libcocos2dx Mac.a in Frameworks */,
				686EC63318BADFEF0065154C /* libcocos2dx-extensions Mac.a in Frameworks */,
				686EC63418BADFEF0065154C /* libCocosDenshion Mac.a in Frameworks */,
				503AE11217EB99EE00D1A890 /* libcurl.dylib in Frameworks */,
				5087E76717EB910900C73F5D /* libz.dylib in Frameworks */,
				503AE11B17EB9C5A00D1A890 /* IOKit.framework in Frameworks */,
				5087E78B17EB975400C73F5D /* OpenGL.framework in Frameworks */,
				5087E78917EB974C00C73F5D /* AppKit.framework in Frameworks */,
				5087E76317EB910900C73F5D /* Foundation.framework in Frameworks */,
				5087E76517EB910900C73F5D /* CoreGraphics.framework in Frameworks */,
				5087E76817EB910900C73F5D /* QuartzCore.framework in Frameworks */,
				5087E76917EB910900C73F5D /* OpenAL.framework in Frameworks */,
				5087E76A17EB910900C73F5D /* AVFoundation.framework in Frameworks */,
				5087E76B17EB910900C73F5D /* AudioToolbox.framework in Frameworks */,
			);
			runOnlyForDeploymentPostprocessing = 0;
		};
/* End PBXFrameworksBuildPhase section */

/* Begin PBXGroup section */
		15AA9C4015B7EC450033D6C2 /* Classes */ = {
			isa = PBXGroup;
			children = (
				2606BC9D18C713CF00142F1C /* 3d */,
				2606BCA618C713CF00142F1C /* AirCraft.cpp */,
				2606BCA718C713CF00142F1C /* AirCraft.h */,
				2606BCA818C713CF00142F1C /* AppDelegate.cpp */,
				2606BCA918C713CF00142F1C /* AppDelegate.h */,
				2606BCAA18C713CF00142F1C /* Bullet.cpp */,
				2606BCAB18C713CF00142F1C /* Bullet.h */,
				2606BCAC18C713CF00142F1C /* BulletController.cpp */,
				2606BCAD18C713CF00142F1C /* BulletController.h */,
				2606BCAE18C713CF00142F1C /* Fodder.cpp */,
				2606BCAF18C713CF00142F1C /* Fodder.h */,
				2606BCB018C713CF00142F1C /* GameEntity.cpp */,
				2606BCB118C713CF00142F1C /* GameEntity.h */,
				2606BCB218C713CF00142F1C /* GameLayer.cpp */,
				2606BCB318C713CF00142F1C /* GameLayer.h */,
				2606BCB418C713CF00142F1C /* HelloWorldScene.cpp */,
				2606BCB518C713CF00142F1C /* HelloWorldScene.h */,
				2606BCB618C713CF00142F1C /* Player.cpp */,
				2606BCB718C713CF00142F1C /* Player.h */,
				2606BCB818C713CF00142F1C /* PublicApi.cpp */,
				2606BCB918C713CF00142F1C /* PublicApi.h */,
				2606BCBA18C713CF00142F1C /* QuadTree.cpp */,
				2606BCBB18C713CF00142F1C /* QuadTree.h */,
			);
			name = Classes;
			path = ../classes;
			sourceTree = "<group>";
		};
		19C28FACFE9D520D11CA2CBB /* Products */ = {
			isa = PBXGroup;
			children = (
				1D6058910D05DD3D006BFB54 /* Moon3d iOS.app */,
				5087E76F17EB910900C73F5D /* Moon3d Mac.app */,
			);
			name = Products;
			sourceTree = "<group>";
		};
		2606BC3018C7136000142F1C /* fonts */ = {
			isa = PBXGroup;
			children = (
				2606BC3118C7136000142F1C /* Marker Felt.ttf */,
			);
			path = fonts;
			sourceTree = "<group>";
		};
		2606BC9D18C713CF00142F1C /* 3d */ = {
			isa = PBXGroup;
			children = (
				2606BC9E18C713CF00142F1C /* Colored.es2.frag.h */,
				2606BC9F18C713CF00142F1C /* Mesh.cpp */,
				2606BCA018C713CF00142F1C /* Mesh.h */,
				2606BCA118C713CF00142F1C /* Sprite3D.cpp */,
				2606BCA218C713CF00142F1C /* Sprite3D.h */,
				2606BCA318C713CF00142F1C /* Textured.es2.frag.h */,
				2606BCA418C713CF00142F1C /* Textured.es2.vert.h */,
				2606BCA518C713CF00142F1C /* Vector.h */,
			);
			name = 3d;
			path = ../Classes/3d;
			sourceTree = "<group>";
		};
		2606BCDF18C7165700142F1C /* ios */ = {
			isa = PBXGroup;
			children = (
				2606BCE018C7165700142F1C /* AppController.h */,
				2606BCE118C7165700142F1C /* AppController.mm */,
				2606BCE218C7165700142F1C /* Default-568h@2x.png */,
				2606BCE318C7165700142F1C /* Default.png */,
				2606BCE418C7165700142F1C /* Default@2x.png */,
				2606BCE518C7165700142F1C /* Icon-100.png */,
				2606BCE618C7165700142F1C /* Icon-114.png */,
				2606BCE718C7165700142F1C /* Icon-120.png */,
				2606BCE818C7165700142F1C /* Icon-144.png */,
				2606BCE918C7165700142F1C /* Icon-152.png */,
				2606BCEA18C7165700142F1C /* Icon-29.png */,
				2606BCEB18C7165700142F1C /* Icon-40.png */,
				2606BCEC18C7165700142F1C /* Icon-50.png */,
				2606BCED18C7165700142F1C /* Icon-57.png */,
				2606BCEE18C7165700142F1C /* Icon-58.png */,
				2606BCEF18C7165700142F1C /* Icon-72.png */,
				2606BCF018C7165700142F1C /* Icon-76.png */,
				2606BCF118C7165700142F1C /* Icon-80.png */,
				2606BCF218C7165700142F1C /* Info.plist */,
				2606BCF318C7165700142F1C /* main.m */,
				2606BCF418C7165700142F1C /* Prefix.pch */,
				2606BCF518C7165700142F1C /* RootViewController.h */,
				2606BCF618C7165700142F1C /* RootViewController.mm */,
			);
			path = ios;
			sourceTree = SOURCE_ROOT;
		};
		29B97314FDCFA39411CA2CEA /* CustomTemplate */ = {
			isa = PBXGroup;
			children = (
				1AC6FAE5180E9839004C840B /* cocos2d_libs.xcodeproj */,
				15AA9C4015B7EC450033D6C2 /* Classes */,
				29B97323FDCFA39411CA2CEA /* Frameworks */,
				503AE10617EB990700D1A890 /* mac */,
				19C28FACFE9D520D11CA2CBB /* Products */,
				78C7DDAA14EBA5050085D0C2 /* Resources */,
			);
			name = CustomTemplate;
			sourceTree = "<group>";
		};
		29B97323FDCFA39411CA2CEA /* Frameworks */ = {
			isa = PBXGroup;
			children = (
				2606BCDB18C7141600142F1C /* UIKit.framework */,
				2606BCD918C7140800142F1C /* OpenGLES.framework */,
				D6B0611A1803AB670077942B /* CoreMotion.framework */,
				503AE11A17EB9C5A00D1A890 /* IOKit.framework */,
				503AE11117EB99EE00D1A890 /* libcurl.dylib */,
				5087E78A17EB975400C73F5D /* OpenGL.framework */,
				5087E78817EB974C00C73F5D /* AppKit.framework */,
				1ACB3243164770DE00914215 /* libcurl.a */,
				BF170DB412928DE900B8313A /* libz.dylib */,
				D44C620F132DFF4E0009C878 /* AudioToolbox.framework */,
				D44C620D132DFF430009C878 /* AVFoundation.framework */,
				288765A40DF7441C002DB57D /* CoreGraphics.framework */,
				1D30AB110D05D00D00671497 /* Foundation.framework */,
				D44C620B132DFF330009C878 /* OpenAL.framework */,
				BF1C47EA1293683800B63C5D /* QuartzCore.framework */,
			);
			name = Frameworks;
			sourceTree = "<group>";
		};
		503AE0F517EB97AB00D1A890 /* Icons */ = {
			isa = PBXGroup;
			children = (
				503AE0F617EB97AB00D1A890 /* Icon.icns */,
				503AE0F717EB97AB00D1A890 /* Info.plist */,
			);
			name = Icons;
			path = mac;
			sourceTree = SOURCE_ROOT;
		};
		503AE10617EB990700D1A890 /* mac */ = {
			isa = PBXGroup;
			children = (
				503AE0F517EB97AB00D1A890 /* Icons */,
				503AE10317EB98FF00D1A890 /* main.cpp */,
				503AE10417EB98FF00D1A890 /* Prefix.pch */,
			);
			name = mac;
			sourceTree = "<group>";
		};
		686EC5FE18BADFD30065154C /* Products */ = {
			isa = PBXGroup;
			children = (
				686EC61118BADFD30065154C /* libcocos2dx Mac.a */,
				686EC61318BADFD30065154C /* libcocos2dx-extensions Mac.a */,
				686EC61518BADFD30065154C /* libchipmunk Mac.a */,
				686EC61718BADFD30065154C /* libbox2d Mac.a */,
				686EC61918BADFD30065154C /* libCocosDenshion Mac.a */,
				686EC61B18BADFD30065154C /* libjsbindings Mac.a */,
				686EC61D18BADFD30065154C /* libluabindings Mac.a */,
				686EC61F18BADFD30065154C /* libcocos2dx iOS.a */,
				686EC62118BADFD30065154C /* libcocos2dx-extensions iOS.a */,
				686EC62318BADFD30065154C /* libchipmunk iOS.a */,
				686EC62518BADFD30065154C /* libbox2d iOS.a */,
				686EC62718BADFD30065154C /* libCocosDenshion iOS.a */,
				686EC62918BADFD30065154C /* libjsbindings iOS.a */,
				686EC62B18BADFD30065154C /* libluabindings iOS.a */,
			);
			name = Products;
			sourceTree = "<group>";
		};
		78C7DDAA14EBA5050085D0C2 /* Resources */ = {
			isa = PBXGroup;
			children = (
				2606BCDF18C7165700142F1C /* ios */,
				2606BC2318C7136000142F1C /* car00.png */,
				2606BC2418C7136000142F1C /* CloseNormal.png */,
				2606BC2518C7136000142F1C /* CloseSelected.png */,
				2606BC2618C7136000142F1C /* daodan_512.png */,
				2606BC2718C7136000142F1C /* daodanv001.obj */,
				2606BC2818C7136000142F1C /* diji1_v001.obj */,
				2606BC2918C7136000142F1C /* diji02_v002_1024.png */,
				2606BC2A18C7136000142F1C /* Done1.png */,
				2606BC2B18C7136000142F1C /* DownNecker.obj */,
				2606BC2C18C7136000142F1C /* DownNecker2.obj */,
				2606BC2D18C7136000142F1C /* fighter.obj */,
				2606BC2E18C7136000142F1C /* fighter.png */,
				2606BC2F18C7136000142F1C /* fog.png */,
				2606BC3018C7136000142F1C /* fonts */,
				2606BC3218C7136000142F1C /* groundLevel.jpg */,
				2606BC3318C7136000142F1C /* HelloWorld.png */,
				2606BC3418C7136000142F1C /* playerv001.obj */,
				2606BC3518C7136000142F1C /* playerv002_1024.png */,
				2606BC3618C7136000142F1C /* Scania4.obj */,
			);
			name = Resources;
			path = ../Resources;
			sourceTree = "<group>";
		};
/* End PBXGroup section */

/* Begin PBXNativeTarget section */
		1D6058900D05DD3D006BFB54 /* Moon3d iOS */ = {
			isa = PBXNativeTarget;
			buildConfigurationList = 1D6058960D05DD3E006BFB54 /* Build configuration list for PBXNativeTarget "Moon3d iOS" */;
			buildPhases = (
				1D60588D0D05DD3D006BFB54 /* Resources */,
				1D60588E0D05DD3D006BFB54 /* Sources */,
				1D60588F0D05DD3D006BFB54 /* Frameworks */,
			);
			buildRules = (
			);
			dependencies = (
				68B9375A18C0335E00CE1505 /* PBXTargetDependency */,
				68B9375C18C0335E00CE1505 /* PBXTargetDependency */,
				68B9375E18C0335E00CE1505 /* PBXTargetDependency */,
			);
			name = "Moon3d iOS";
			productName = iphone;
			productReference = 1D6058910D05DD3D006BFB54 /* Moon3d iOS.app */;
			productType = "com.apple.product-type.application";
		};
		5087E73D17EB910900C73F5D /* Moon3d Mac */ = {
			isa = PBXNativeTarget;
			buildConfigurationList = 5087E76C17EB910900C73F5D /* Build configuration list for PBXNativeTarget "Moon3d Mac" */;
			buildPhases = (
				5087E74817EB910900C73F5D /* Resources */,
				5087E75617EB910900C73F5D /* Sources */,
				5087E75C17EB910900C73F5D /* Frameworks */,
			);
			buildRules = (
			);
			dependencies = (
				686EC62D18BADFE30065154C /* PBXTargetDependency */,
				686EC62F18BADFE30065154C /* PBXTargetDependency */,
				686EC63118BADFE30065154C /* PBXTargetDependency */,
			);
			name = "Moon3d Mac";
			productName = iphone;
			productReference = 5087E76F17EB910900C73F5D /* Moon3d Mac.app */;
			productType = "com.apple.product-type.application";
		};
/* End PBXNativeTarget section */

/* Begin PBXProject section */
		29B97313FDCFA39411CA2CEA /* Project object */ = {
			isa = PBXProject;
			attributes = {
				LastUpgradeCheck = 0500;
				TargetAttributes = {
					1D6058900D05DD3D006BFB54 = {
						DevelopmentTeam = 97SFP63H5X;
					};
				};
			};
			buildConfigurationList = C01FCF4E08A954540054247B /* Build configuration list for PBXProject "Moon3d" */;
			compatibilityVersion = "Xcode 3.2";
			developmentRegion = English;
			hasScannedForEncodings = 1;
			knownRegions = (
				English,
				Japanese,
				French,
				German,
			);
			mainGroup = 29B97314FDCFA39411CA2CEA /* CustomTemplate */;
			projectDirPath = "";
			projectReferences = (
				{
					ProductGroup = 686EC5FE18BADFD30065154C /* Products */;
					ProjectRef = 1AC6FAE5180E9839004C840B /* cocos2d_libs.xcodeproj */;
				},
			);
			projectRoot = "";
			targets = (
				1D6058900D05DD3D006BFB54 /* Moon3d iOS */,
				5087E73D17EB910900C73F5D /* Moon3d Mac */,
			);
		};
/* End PBXProject section */

/* Begin PBXReferenceProxy section */
		686EC61118BADFD30065154C /* libcocos2dx Mac.a */ = {
			isa = PBXReferenceProxy;
			fileType = archive.ar;
			path = "libcocos2dx Mac.a";
			remoteRef = 686EC61018BADFD30065154C /* PBXContainerItemProxy */;
			sourceTree = BUILT_PRODUCTS_DIR;
		};
		686EC61318BADFD30065154C /* libcocos2dx-extensions Mac.a */ = {
			isa = PBXReferenceProxy;
			fileType = archive.ar;
			path = "libcocos2dx-extensions Mac.a";
			remoteRef = 686EC61218BADFD30065154C /* PBXContainerItemProxy */;
			sourceTree = BUILT_PRODUCTS_DIR;
		};
		686EC61518BADFD30065154C /* libchipmunk Mac.a */ = {
			isa = PBXReferenceProxy;
			fileType = archive.ar;
			path = "libchipmunk Mac.a";
			remoteRef = 686EC61418BADFD30065154C /* PBXContainerItemProxy */;
			sourceTree = BUILT_PRODUCTS_DIR;
		};
		686EC61718BADFD30065154C /* libbox2d Mac.a */ = {
			isa = PBXReferenceProxy;
			fileType = archive.ar;
			path = "libbox2d Mac.a";
			remoteRef = 686EC61618BADFD30065154C /* PBXContainerItemProxy */;
			sourceTree = BUILT_PRODUCTS_DIR;
		};
		686EC61918BADFD30065154C /* libCocosDenshion Mac.a */ = {
			isa = PBXReferenceProxy;
			fileType = archive.ar;
			path = "libCocosDenshion Mac.a";
			remoteRef = 686EC61818BADFD30065154C /* PBXContainerItemProxy */;
			sourceTree = BUILT_PRODUCTS_DIR;
		};
		686EC61B18BADFD30065154C /* libjsbindings Mac.a */ = {
			isa = PBXReferenceProxy;
			fileType = archive.ar;
			path = "libjsbindings Mac.a";
			remoteRef = 686EC61A18BADFD30065154C /* PBXContainerItemProxy */;
			sourceTree = BUILT_PRODUCTS_DIR;
		};
		686EC61D18BADFD30065154C /* libluabindings Mac.a */ = {
			isa = PBXReferenceProxy;
			fileType = archive.ar;
			path = "libluabindings Mac.a";
			remoteRef = 686EC61C18BADFD30065154C /* PBXContainerItemProxy */;
			sourceTree = BUILT_PRODUCTS_DIR;
		};
		686EC61F18BADFD30065154C /* libcocos2dx iOS.a */ = {
			isa = PBXReferenceProxy;
			fileType = archive.ar;
			path = "libcocos2dx iOS.a";
			remoteRef = 686EC61E18BADFD30065154C /* PBXContainerItemProxy */;
			sourceTree = BUILT_PRODUCTS_DIR;
		};
		686EC62118BADFD30065154C /* libcocos2dx-extensions iOS.a */ = {
			isa = PBXReferenceProxy;
			fileType = archive.ar;
			path = "libcocos2dx-extensions iOS.a";
			remoteRef = 686EC62018BADFD30065154C /* PBXContainerItemProxy */;
			sourceTree = BUILT_PRODUCTS_DIR;
		};
		686EC62318BADFD30065154C /* libchipmunk iOS.a */ = {
			isa = PBXReferenceProxy;
			fileType = archive.ar;
			path = "libchipmunk iOS.a";
			remoteRef = 686EC62218BADFD30065154C /* PBXContainerItemProxy */;
			sourceTree = BUILT_PRODUCTS_DIR;
		};
		686EC62518BADFD30065154C /* libbox2d iOS.a */ = {
			isa = PBXReferenceProxy;
			fileType = archive.ar;
			path = "libbox2d iOS.a";
			remoteRef = 686EC62418BADFD30065154C /* PBXContainerItemProxy */;
			sourceTree = BUILT_PRODUCTS_DIR;
		};
		686EC62718BADFD30065154C /* libCocosDenshion iOS.a */ = {
			isa = PBXReferenceProxy;
			fileType = archive.ar;
			path = "libCocosDenshion iOS.a";
			remoteRef = 686EC62618BADFD30065154C /* PBXContainerItemProxy */;
			sourceTree = BUILT_PRODUCTS_DIR;
		};
		686EC62918BADFD30065154C /* libjsbindings iOS.a */ = {
			isa = PBXReferenceProxy;
			fileType = archive.ar;
			path = "libjsbindings iOS.a";
			remoteRef = 686EC62818BADFD30065154C /* PBXContainerItemProxy */;
			sourceTree = BUILT_PRODUCTS_DIR;
		};
		686EC62B18BADFD30065154C /* libluabindings iOS.a */ = {
			isa = PBXReferenceProxy;
			fileType = archive.ar;
			path = "libluabindings iOS.a";
			remoteRef = 686EC62A18BADFD30065154C /* PBXContainerItemProxy */;
			sourceTree = BUILT_PRODUCTS_DIR;
		};
/* End PBXReferenceProxy section */

/* Begin PBXResourcesBuildPhase section */
		1D60588D0D05DD3D006BFB54 /* Resources */ = {
			isa = PBXResourcesBuildPhase;
			buildActionMask = 2147483647;
			files = (
				2606BC4918C7136000142F1C /* DownNecker2.obj in Resources */,
				2606BD0418C7165700142F1C /* Icon-58.png in Resources */,
				2606BC4B18C7136000142F1C /* fighter.obj in Resources */,
				2606BC5118C7136000142F1C /* Marker Felt.ttf in Resources */,
				2606BCFD18C7165700142F1C /* Icon-120.png in Resources */,
				2606BC4118C7136000142F1C /* diji1_v001.obj in Resources */,
				2606BCF918C7165700142F1C /* Default.png in Resources */,
				2606BCFE18C7165700142F1C /* Icon-144.png in Resources */,
				2606BD0018C7165700142F1C /* Icon-29.png in Resources */,
				2606BC4D18C7136000142F1C /* fighter.png in Resources */,
				2606BC5718C7136000142F1C /* playerv001.obj in Resources */,
				2606BC5318C7136000142F1C /* groundLevel.jpg in Resources */,
				2606BCFB18C7165700142F1C /* Icon-100.png in Resources */,
				2606BC3718C7136000142F1C /* car00.png in Resources */,
				2606BD0518C7165700142F1C /* Icon-72.png in Resources */,
				2606BC5B18C7136000142F1C /* Scania4.obj in Resources */,
				2606BD0318C7165700142F1C /* Icon-57.png in Resources */,
				2606BC3918C7136000142F1C /* CloseNormal.png in Resources */,
				2606BC4F18C7136000142F1C /* fog.png in Resources */,
				2606BC4518C7136000142F1C /* Done1.png in Resources */,
				2606BD0818C7165700142F1C /* Info.plist in Resources */,
				2606BD0218C7165700142F1C /* Icon-50.png in Resources */,
				2606BD0718C7165700142F1C /* Icon-80.png in Resources */,
				2606BC5918C7136000142F1C /* playerv002_1024.png in Resources */,
				2606BCF818C7165700142F1C /* Default-568h@2x.png in Resources */,
				2606BC4318C7136000142F1C /* diji02_v002_1024.png in Resources */,
				2606BCFA18C7165700142F1C /* Default@2x.png in Resources */,
				2606BC3B18C7136000142F1C /* CloseSelected.png in Resources */,
				2606BCFC18C7165700142F1C /* Icon-114.png in Resources */,
				2606BD0118C7165700142F1C /* Icon-40.png in Resources */,
				2606BC4718C7136000142F1C /* DownNecker.obj in Resources */,
				2606BD0618C7165700142F1C /* Icon-76.png in Resources */,
				2606BC5518C7136000142F1C /* HelloWorld.png in Resources */,
				2606BC3F18C7136000142F1C /* daodanv001.obj in Resources */,
				2606BCFF18C7165700142F1C /* Icon-152.png in Resources */,
				2606BC3D18C7136000142F1C /* daodan_512.png in Resources */,
			);
			runOnlyForDeploymentPostprocessing = 0;
		};
		5087E74817EB910900C73F5D /* Resources */ = {
			isa = PBXResourcesBuildPhase;
			buildActionMask = 2147483647;
			files = (
				2606BC3818C7136000142F1C /* car00.png in Resources */,
				2606BC4A18C7136000142F1C /* DownNecker2.obj in Resources */,
				2606BC5A18C7136000142F1C /* playerv002_1024.png in Resources */,
				2606BC3E18C7136000142F1C /* daodan_512.png in Resources */,
				2606BC3A18C7136000142F1C /* CloseNormal.png in Resources */,
				2606BC5218C7136000142F1C /* Marker Felt.ttf in Resources */,
				2606BC5418C7136000142F1C /* groundLevel.jpg in Resources */,
				2606BC4218C7136000142F1C /* diji1_v001.obj in Resources */,
				503AE0F817EB97AB00D1A890 /* Icon.icns in Resources */,
				2606BC5018C7136000142F1C /* fog.png in Resources */,
				2606BC5818C7136000142F1C /* playerv001.obj in Resources */,
				2606BC5C18C7136000142F1C /* Scania4.obj in Resources */,
				2606BC4818C7136000142F1C /* DownNecker.obj in Resources */,
				2606BC4618C7136000142F1C /* Done1.png in Resources */,
				2606BC3C18C7136000142F1C /* CloseSelected.png in Resources */,
				2606BC4C18C7136000142F1C /* fighter.obj in Resources */,
				2606BC4E18C7136000142F1C /* fighter.png in Resources */,
				2606BC4418C7136000142F1C /* diji02_v002_1024.png in Resources */,
				2606BC5618C7136000142F1C /* HelloWorld.png in Resources */,
				2606BC4018C7136000142F1C /* daodanv001.obj in Resources */,
			);
			runOnlyForDeploymentPostprocessing = 0;
		};
/* End PBXResourcesBuildPhase section */

/* Begin PBXSourcesBuildPhase section */
		1D60588E0D05DD3D006BFB54 /* Sources */ = {
			isa = PBXSourcesBuildPhase;
			buildActionMask = 2147483647;
			files = (
				2606BD0A18C7165700142F1C /* RootViewController.mm in Sources */,
				2606BCC118C713CF00142F1C /* AirCraft.cpp in Sources */,
				2606BCD318C713CF00142F1C /* PublicApi.cpp in Sources */,
				2606BCBF18C713CF00142F1C /* Sprite3D.cpp in Sources */,
				2606BCC918C713CF00142F1C /* Fodder.cpp in Sources */,
				2606BCC518C713CF00142F1C /* Bullet.cpp in Sources */,
				2606BCCD18C713CF00142F1C /* GameLayer.cpp in Sources */,
				2606BCD518C713CF00142F1C /* QuadTree.cpp in Sources */,
				2606BCF718C7165700142F1C /* AppController.mm in Sources */,
				2606BCC718C713CF00142F1C /* BulletController.cpp in Sources */,
				2606BCD118C713CF00142F1C /* Player.cpp in Sources */,
				2606BD0918C7165700142F1C /* main.m in Sources */,
				2606BCC318C713CF00142F1C /* AppDelegate.cpp in Sources */,
				2606BCBD18C713CF00142F1C /* Mesh.cpp in Sources */,
				2606BCCB18C713CF00142F1C /* GameEntity.cpp in Sources */,
				2606BCCF18C713CF00142F1C /* HelloWorldScene.cpp in Sources */,
			);
			runOnlyForDeploymentPostprocessing = 0;
		};
		5087E75617EB910900C73F5D /* Sources */ = {
			isa = PBXSourcesBuildPhase;
			buildActionMask = 2147483647;
			files = (
				2606BCC618C713CF00142F1C /* Bullet.cpp in Sources */,
				2606BCD018C713CF00142F1C /* HelloWorldScene.cpp in Sources */,
				2606BCCC18C713CF00142F1C /* GameEntity.cpp in Sources */,
				2606BCD618C713CF00142F1C /* QuadTree.cpp in Sources */,
				503AE10517EB98FF00D1A890 /* main.cpp in Sources */,
				2606BCC818C713CF00142F1C /* BulletController.cpp in Sources */,
				2606BCD418C713CF00142F1C /* PublicApi.cpp in Sources */,
				2606BCC218C713CF00142F1C /* AirCraft.cpp in Sources */,
				2606BCCE18C713CF00142F1C /* GameLayer.cpp in Sources */,
				2606BCCA18C713CF00142F1C /* Fodder.cpp in Sources */,
				2606BCC418C713CF00142F1C /* AppDelegate.cpp in Sources */,
				2606BCBE18C713CF00142F1C /* Mesh.cpp in Sources */,
				2606BCC018C713CF00142F1C /* Sprite3D.cpp in Sources */,
				2606BCD218C713CF00142F1C /* Player.cpp in Sources */,
			);
			runOnlyForDeploymentPostprocessing = 0;
		};
/* End PBXSourcesBuildPhase section */

/* Begin PBXTargetDependency section */
		686EC62D18BADFE30065154C /* PBXTargetDependency */ = {
			isa = PBXTargetDependency;
			name = "cocos2dx Mac";
			targetProxy = 686EC62C18BADFE30065154C /* PBXContainerItemProxy */;
		};
		686EC62F18BADFE30065154C /* PBXTargetDependency */ = {
			isa = PBXTargetDependency;
			name = "cocos2dx-extensions Mac";
			targetProxy = 686EC62E18BADFE30065154C /* PBXContainerItemProxy */;
		};
		686EC63118BADFE30065154C /* PBXTargetDependency */ = {
			isa = PBXTargetDependency;
			name = "CocosDenshion Mac";
			targetProxy = 686EC63018BADFE30065154C /* PBXContainerItemProxy */;
		};
		68B9375A18C0335E00CE1505 /* PBXTargetDependency */ = {
			isa = PBXTargetDependency;
			name = "cocos2dx iOS";
			targetProxy = 68B9375918C0335E00CE1505 /* PBXContainerItemProxy */;
		};
		68B9375C18C0335E00CE1505 /* PBXTargetDependency */ = {
			isa = PBXTargetDependency;
			name = "cocos2dx-extensions iOS";
			targetProxy = 68B9375B18C0335E00CE1505 /* PBXContainerItemProxy */;
		};
		68B9375E18C0335E00CE1505 /* PBXTargetDependency */ = {
			isa = PBXTargetDependency;
			name = "CocosDenshion iOS";
			targetProxy = 68B9375D18C0335E00CE1505 /* PBXContainerItemProxy */;
		};
/* End PBXTargetDependency section */

/* Begin XCBuildConfiguration section */
		1D6058940D05DD3E006BFB54 /* Debug */ = {
			isa = XCBuildConfiguration;
			buildSettings = {
				ALWAYS_SEARCH_USER_PATHS = YES;
				CODE_SIGN_IDENTITY = "iPhone Developer";
				"CODE_SIGN_IDENTITY[sdk=iphoneos*]" = "iPhone Developer";
				COMPRESS_PNG_FILES = NO;
				GCC_DYNAMIC_NO_PIC = NO;
				GCC_INLINES_ARE_PRIVATE_EXTERN = NO;
				GCC_PRECOMPILE_PREFIX_HEADER = YES;
				GCC_PREFIX_HEADER = ios/Prefix.pch;
				GCC_PREPROCESSOR_DEFINITIONS = (
					USE_FILE32API,
					CC_TARGET_OS_IPHONE,
					"COCOS2D_DEBUG=1",
					"CC_ENABLE_CHIPMUNK_INTEGRATION=1",
				);
				GCC_SYMBOLS_PRIVATE_EXTERN = NO;
				HEADER_SEARCH_PATHS = (
					"$(inherited)",
					"$(SRCROOT)/../cocos2d/cocos/2d/platform/ios",
					"$(SRCROOT)/../cocos2d/cocos/2d/platform/ios/Simulation",
					"$(SRCROOT)/../cocos2d/cocos/math/kazmath",
					"$(SRCROOT)/../cocos2d/cocos/3d",
				);
				INFOPLIST_FILE = ios/Info.plist;
				IPHONEOS_DEPLOYMENT_TARGET = 5.0;
				LIBRARY_SEARCH_PATHS = "";
				PROVISIONING_PROFILE = "";
				SDKROOT = iphoneos;
				TARGETED_DEVICE_FAMILY = "1,2";
				USER_HEADER_SEARCH_PATHS = "";
			};
			name = Debug;
		};
		1D6058950D05DD3E006BFB54 /* Release */ = {
			isa = XCBuildConfiguration;
			buildSettings = {
				ALWAYS_SEARCH_USER_PATHS = YES;
				CODE_SIGN_IDENTITY = "iPhone Developer";
				"CODE_SIGN_IDENTITY[sdk=iphoneos*]" = "iPhone Developer";
				COMPRESS_PNG_FILES = NO;
				GCC_INLINES_ARE_PRIVATE_EXTERN = NO;
				GCC_PRECOMPILE_PREFIX_HEADER = YES;
				GCC_PREFIX_HEADER = ios/Prefix.pch;
				GCC_PREPROCESSOR_DEFINITIONS = (
					USE_FILE32API,
					CC_TARGET_OS_IPHONE,
					"CC_ENABLE_CHIPMUNK_INTEGRATION=1",
				);
				GCC_SYMBOLS_PRIVATE_EXTERN = NO;
				HEADER_SEARCH_PATHS = (
					"$(inherited)",
					"$(SRCROOT)/../cocos2d/cocos/2d/platform/ios",
					"$(SRCROOT)/../cocos2d/cocos/2d/platform/ios/Simulation",
					"$(SRCROOT)/../cocos2d/cocos/math/kazmath",
					"$(SRCROOT)/../cocos2d/cocos/3d",
				);
				INFOPLIST_FILE = ios/Info.plist;
				IPHONEOS_DEPLOYMENT_TARGET = 5.0;
				LIBRARY_SEARCH_PATHS = "";
				PROVISIONING_PROFILE = "";
				SDKROOT = iphoneos;
				TARGETED_DEVICE_FAMILY = "1,2";
				USER_HEADER_SEARCH_PATHS = "";
			};
			name = Release;
		};
		5087E76D17EB910900C73F5D /* Debug */ = {
			isa = XCBuildConfiguration;
			buildSettings = {
				ALWAYS_SEARCH_USER_PATHS = YES;
				ARCHS = "$(ARCHS_STANDARD_64_BIT)";
				CLANG_CXX_LANGUAGE_STANDARD = "c++0x";
				CLANG_CXX_LIBRARY = "libc++";
				GCC_DYNAMIC_NO_PIC = NO;
				GCC_INLINES_ARE_PRIVATE_EXTERN = NO;
				GCC_PRECOMPILE_PREFIX_HEADER = YES;
				GCC_PREFIX_HEADER = mac/Prefix.pch;
				GCC_PREPROCESSOR_DEFINITIONS = (
					USE_FILE32API,
					CC_TARGET_OS_MAC,
					"COCOS2D_DEBUG=1",
					"CC_ENABLE_CHIPMUNK_INTEGRATION=1",
				);
				GCC_SYMBOLS_PRIVATE_EXTERN = NO;
				HEADER_SEARCH_PATHS = (
					"$(inherited)",
					"$(SRCROOT)/../cocos2d/cocos/2d/platform/mac",
					"$(SRCROOT)/../cocos2d/external/glfw3/include/mac",
					"$(SRCROOT)/../cocos2d/cocos/math/kazmath",
					"$(SRCROOT)/../cocos2d/cocos/3d",
				);
				INFOPLIST_FILE = mac/Info.plist;
				LIBRARY_SEARCH_PATHS = "";
				USER_HEADER_SEARCH_PATHS = "";
			};
			name = Debug;
		};
		5087E76E17EB910900C73F5D /* Release */ = {
			isa = XCBuildConfiguration;
			buildSettings = {
				ALWAYS_SEARCH_USER_PATHS = YES;
				ARCHS = "$(ARCHS_STANDARD_64_BIT)";
				CLANG_CXX_LANGUAGE_STANDARD = "c++0x";
				CLANG_CXX_LIBRARY = "libc++";
				GCC_INLINES_ARE_PRIVATE_EXTERN = NO;
				GCC_PRECOMPILE_PREFIX_HEADER = YES;
				GCC_PREFIX_HEADER = mac/Prefix.pch;
				GCC_PREPROCESSOR_DEFINITIONS = (
					USE_FILE32API,
					CC_TARGET_OS_MAC,
					"CC_ENABLE_CHIPMUNK_INTEGRATION=1",
				);
				GCC_SYMBOLS_PRIVATE_EXTERN = NO;
				HEADER_SEARCH_PATHS = (
					"$(inherited)",
					"$(SRCROOT)/../cocos2d/cocos/2d/platform/mac",
					"$(SRCROOT)/../cocos2d/external/glfw3/include/mac",
					"$(SRCROOT)/../cocos2d/cocos/math/kazmath",
					"$(SRCROOT)/../cocos2d/cocos/3d",
				);
				INFOPLIST_FILE = mac/Info.plist;
				LIBRARY_SEARCH_PATHS = "";
				USER_HEADER_SEARCH_PATHS = "";
			};
			name = Release;
		};
		C01FCF4F08A954540054247B /* Debug */ = {
			isa = XCBuildConfiguration;
			buildSettings = {
				CLANG_CXX_LANGUAGE_STANDARD = "c++0x";
				CLANG_CXX_LIBRARY = "libc++";
				COPY_PHASE_STRIP = NO;
				GCC_OPTIMIZATION_LEVEL = 0;
				GCC_WARN_ABOUT_RETURN_TYPE = YES;
				GCC_WARN_UNUSED_VARIABLE = YES;
				HEADER_SEARCH_PATHS = (
					"$(SRCROOT)/../cocos2d",
					"$(SRCROOT)/../cocos2d/cocos",
					"$(SRCROOT)/../cocos2d/cocos/base",
					"$(SRCROOT)/../cocos2d/cocos/physics",
					"$(SRCROOT)/../cocos2d/cocos/math/kazmath/include",
					"$(SRCROOT)/../cocos2d/cocos/2d",
					"$(SRCROOT)/../cocos2d/cocos/gui",
					"$(SRCROOT)/../cocos2d/cocos/network",
					"$(SRCROOT)/../cocos2d/cocos/audio/include",
					"$(SRCROOT)/../cocos2d/cocos/editor-support",
					"$(SRCROOT)/../cocos2d/extensions",
					"$(SRCROOT)/../cocos2d/external",
					"$(SRCROOT)/../cocos2d/external/chipmunk/include/chipmunk",
				);
				ONLY_ACTIVE_ARCH = YES;
				PRODUCT_NAME = "$(TARGET_NAME)";
				SDKROOT = macosx;
			};
			name = Debug;
		};
		C01FCF5008A954540054247B /* Release */ = {
			isa = XCBuildConfiguration;
			buildSettings = {
				CLANG_CXX_LANGUAGE_STANDARD = "c++0x";
				CLANG_CXX_LIBRARY = "libc++";
				GCC_WARN_ABOUT_RETURN_TYPE = YES;
				GCC_WARN_UNUSED_VARIABLE = YES;
				HEADER_SEARCH_PATHS = (
					"$(SRCROOT)/../cocos2d",
					"$(SRCROOT)/../cocos2d/cocos",
					"$(SRCROOT)/../cocos2d/cocos/base",
					"$(SRCROOT)/../cocos2d/cocos/physics",
					"$(SRCROOT)/../cocos2d/cocos/math/kazmath/include",
					"$(SRCROOT)/../cocos2d/cocos/2d",
					"$(SRCROOT)/../cocos2d/cocos/gui",
					"$(SRCROOT)/../cocos2d/cocos/network",
					"$(SRCROOT)/../cocos2d/cocos/audio/include",
					"$(SRCROOT)/../cocos2d/cocos/editor-support",
					"$(SRCROOT)/../cocos2d/extensions",
					"$(SRCROOT)/../cocos2d/external",
					"$(SRCROOT)/../cocos2d/external/chipmunk/include/chipmunk",
				);
				OTHER_CFLAGS = "-DNS_BLOCK_ASSERTIONS=1";
				PRODUCT_NAME = "$(TARGET_NAME)";
				SDKROOT = macosx;
				VALIDATE_PRODUCT = YES;
			};
			name = Release;
		};
/* End XCBuildConfiguration section */

/* Begin XCConfigurationList section */
		1D6058960D05DD3E006BFB54 /* Build configuration list for PBXNativeTarget "Moon3d iOS" */ = {
			isa = XCConfigurationList;
			buildConfigurations = (
				1D6058940D05DD3E006BFB54 /* Debug */,
				1D6058950D05DD3E006BFB54 /* Release */,
			);
			defaultConfigurationIsVisible = 0;
			defaultConfigurationName = Debug;
		};
		5087E76C17EB910900C73F5D /* Build configuration list for PBXNativeTarget "Moon3d Mac" */ = {
			isa = XCConfigurationList;
			buildConfigurations = (
				5087E76D17EB910900C73F5D /* Debug */,
				5087E76E17EB910900C73F5D /* Release */,
			);
			defaultConfigurationIsVisible = 0;
			defaultConfigurationName = Debug;
		};
		C01FCF4E08A954540054247B /* Build configuration list for PBXProject "Moon3d" */ = {
			isa = XCConfigurationList;
			buildConfigurations = (
				C01FCF4F08A954540054247B /* Debug */,
				C01FCF5008A954540054247B /* Release */,
			);
			defaultConfigurationIsVisible = 0;
			defaultConfigurationName = Debug;
		};
/* End XCConfigurationList section */
	};
	rootObject = 29B97313FDCFA39411CA2CEA /* Project object */;
}
